
Microsoft Visual Studio Solution File, Format Version 12.00
# Visual Studio Version 17
VisualStudioVersion = 17.7.34221.43
MinimumVisualStudioVersion = 10.0.40219.1
Project("{FAE04EC0-301F-11D3-BF4B-00C04F79EFBC}") = "Yolov8_NetFW", "Yolov8_NetFW\Yolov8_NetFW.csproj", "{165F1A30-8F94-4DF1-897B-185A05E455BB}"
EndProject
Project("{FAE04EC0-301F-11D3-BF4B-00C04F79EFBC}") = "GUI_YOLOv8", "GUI_YOLOv8\GUI_YOLOv8.csproj", "{A6C9AF68-5C83-4B25-86C7-22A4C151CAE7}"
	ProjectSection(ProjectDependencies) = postProject
		{165F1A30-8F94-4DF1-897B-185A05E455BB} = {165F1A30-8F94-4DF1-897B-185A05E455BB}
	EndProjectSection
EndProject
Global
	GlobalSection(SolutionConfigurationPlatforms) = preSolution
		Debug|Any CPU = Debug|Any CPU
		Debug|x64 = Debug|x64
		Release|Any CPU = Release|Any CPU
		Release|x64 = Release|x64
	EndGlobalSection
	GlobalSection(ProjectConfigurationPlatforms) = postSolution
		{165F1A30-8F94-4DF1-897B-185A05E455BB}.Debug|Any CPU.ActiveCfg = Debug|Any CPU
		{165F1A30-8F94-4DF1-897B-185A05E455BB}.Debug|Any CPU.Build.0 = Debug|Any CPU
		{165F1A30-8F94-4DF1-897B-185A05E455BB}.Debug|x64.ActiveCfg = Debug|Any CPU
		{165F1A30-8F94-4DF1-897B-185A05E455BB}.Debug|x64.Build.0 = Debug|Any CPU
		{165F1A30-8F94-4DF1-897B-185A05E455BB}.Release|Any CPU.ActiveCfg = Release|Any CPU
		{165F1A30-8F94-4DF1-897B-185A05E455BB}.Release|Any CPU.Build.0 = Release|Any CPU
		{165F1A30-8F94-4DF1-897B-185A05E455BB}.Release|x64.ActiveCfg = Release|Any CPU
		{165F1A30-8F94-4DF1-897B-185A05E455BB}.Release|x64.Build.0 = Release|Any CPU
		{A6C9AF68-5C83-4B25-86C7-22A4C151CAE7}.Debug|Any CPU.ActiveCfg = Debug|Any CPU
		{A6C9AF68-5C83-4B25-86C7-22A4C151CAE7}.Debug|Any CPU.Build.0 = Debug|Any CPU
		{A6C9AF68-5C83-4B25-86C7-22A4C151CAE7}.Debug|x64.ActiveCfg = Debug|x64
		{A6C9AF68-5C83-4B25-86C7-22A4C151CAE7}.Debug|x64.Build.0 = Debug|x64
		{A6C9AF68-5C83-4B25-86C7-22A4C151CAE7}.Release|Any CPU.ActiveCfg = Release|Any CPU
		{A6C9AF68-5C83-4B25-86C7-22A4C151CAE7}.Release|Any CPU.Build.0 = Release|Any CPU
		{A6C9AF68-5C83-4B25-86C7-22A4C151CAE7}.Release|x64.ActiveCfg = Release|x64
		{A6C9AF68-5C83-4B25-86C7-22A4C151CAE7}.Release|x64.Build.0 = Release|x64
	EndGlobalSection
	GlobalSection(SolutionProperties) = preSolution
		HideSolutionNode = FALSE
	EndGlobalSection
	GlobalSection(ExtensibilityGlobals) = postSolution
		SolutionGuid = {17623D9C-BF9A-44A7-928C-51A7A6638243}
	EndGlobalSection
EndGlobal
