
Microsoft Visual Studio Solution File, Format Version 12.00
# Visual Studio Version 17
VisualStudioVersion = 17.7.34221.43
MinimumVisualStudioVersion = 10.0.40219.1
Project("{FAE04EC0-301F-11D3-BF4B-00C04F79EFBC}") = "Yolov8_NetFW", "Yolov8_NetFW\Yolov8_NetFW.csproj", "{165F1A30-8F94-4DF1-897B-185A05E455BB}"
EndProject
Global
	GlobalSection(SolutionConfigurationPlatforms) = preSolution
		Debug|Any CPU = Debug|Any CPU
		Release|Any CPU = Release|Any CPU
	EndGlobalSection
	GlobalSection(ProjectConfigurationPlatforms) = postSolution
		{165F1A30-8F94-4DF1-897B-185A05E455BB}.Debug|Any CPU.ActiveCfg = Debug|Any CPU
		{165F1A30-8F94-4DF1-897B-185A05E455BB}.Debug|Any CPU.Build.0 = Debug|Any CPU
		{165F1A30-8F94-4DF1-897B-185A05E455BB}.Release|Any CPU.ActiveCfg = Release|Any CPU
		{165F1A30-8F94-4DF1-897B-185A05E455BB}.Release|Any CPU.Build.0 = Release|Any CPU
	EndGlobalSection
	GlobalSection(SolutionProperties) = preSolution
		HideSolutionNode = FALSE
	EndGlobalSection
	GlobalSection(ExtensibilityGlobals) = postSolution
		SolutionGuid = {17623D9C-BF9A-44A7-928C-51A7A6638243}
	EndGlobalSection
EndGlobal
